// !$*UTF8*$!
{
	archiveVersion = 1;
	classes = {
	};
	objectVersion = 46;
	objects = {

/* Begin PBXBuildFile section */
		722F3BB21BC752C400B970A1 /* AppKit.framework in Frameworks */ = {isa = PBXBuildFile; fileRef = 722F3BB11BC752C400B970A1 /* AppKit.framework */; };
		722F3BB41BC752D500B970A1 /* Foundation.framework in Frameworks */ = {isa = PBXBuildFile; fileRef = 722F3BB31BC752D500B970A1 /* Foundation.framework */; };
		722F3BBA1BC7540C00B970A1 /* PhysiqueSystemInformation.m in Sources */ = {isa = PBXBuildFile; fileRef = 722F3BB91BC7540C00B970A1 /* PhysiqueSystemInformation.m */; settings = {ASSET_TAGS = (); }; };
		7244F42A1BCB082D001A1181 /* PhysiqueIDEBuildOperation.m in Sources */ = {isa = PBXBuildFile; fileRef = 7244F4291BCB082D001A1181 /* PhysiqueIDEBuildOperation.m */; settings = {ASSET_TAGS = (); }; };
		7265C9261BC74CB90048EE98 /* PhysiquePlugin.m in Sources */ = {isa = PBXBuildFile; fileRef = 7265C9251BC74CB90048EE98 /* PhysiquePlugin.m */; settings = {ASSET_TAGS = (); }; };
		72EAAACD1BC969CA006C5766 /* PhysiqueOperationMonitor.m in Sources */ = {isa = PBXBuildFile; fileRef = 72EAAACC1BC969CA006C5766 /* PhysiqueOperationMonitor.m */; settings = {ASSET_TAGS = (); }; };
		72EAAAD31BC96F5A006C5766 /* PhysiqueBuildSpeedTracker.m in Sources */ = {isa = PBXBuildFile; fileRef = 72EAAAD21BC96F5A006C5766 /* PhysiqueBuildSpeedTracker.m */; settings = {ASSET_TAGS = (); }; };
/* End PBXBuildFile section */

/* Begin PBXFileReference section */
		722F3BB11BC752C400B970A1 /* AppKit.framework */ = {isa = PBXFileReference; lastKnownFileType = wrapper.framework; name = AppKit.framework; path = System/Library/Frameworks/AppKit.framework; sourceTree = SDKROOT; };
		722F3BB31BC752D500B970A1 /* Foundation.framework */ = {isa = PBXFileReference; lastKnownFileType = wrapper.framework; name = Foundation.framework; path = System/Library/Frameworks/Foundation.framework; sourceTree = SDKROOT; };
		722F3BB81BC7540C00B970A1 /* PhysiqueSystemInformation.h */ = {isa = PBXFileReference; fileEncoding = 4; lastKnownFileType = sourcecode.c.h; path = PhysiqueSystemInformation.h; sourceTree = "<group>"; };
		722F3BB91BC7540C00B970A1 /* PhysiqueSystemInformation.m */ = {isa = PBXFileReference; fileEncoding = 4; lastKnownFileType = sourcecode.c.objc; path = PhysiqueSystemInformation.m; sourceTree = "<group>"; };
		7244F4281BCB082D001A1181 /* PhysiqueIDEBuildOperation.h */ = {isa = PBXFileReference; fileEncoding = 4; lastKnownFileType = sourcecode.c.h; path = PhysiqueIDEBuildOperation.h; sourceTree = "<group>"; };
		7244F4291BCB082D001A1181 /* PhysiqueIDEBuildOperation.m */ = {isa = PBXFileReference; fileEncoding = 4; lastKnownFileType = sourcecode.c.objc; path = PhysiqueIDEBuildOperation.m; sourceTree = "<group>"; };
		7265C91B1BC74B720048EE98 /* Physique.xcplugin */ = {isa = PBXFileReference; explicitFileType = wrapper.cfbundle; includeInIndex = 0; path = Physique.xcplugin; sourceTree = BUILT_PRODUCTS_DIR; };
		7265C91E1BC74B720048EE98 /* Info.plist */ = {isa = PBXFileReference; lastKnownFileType = text.plist.xml; path = Info.plist; sourceTree = "<group>"; };
		7265C9241BC74CB90048EE98 /* PhysiquePlugin.h */ = {isa = PBXFileReference; fileEncoding = 4; lastKnownFileType = sourcecode.c.h; path = PhysiquePlugin.h; sourceTree = "<group>"; };
		7265C9251BC74CB90048EE98 /* PhysiquePlugin.m */ = {isa = PBXFileReference; fileEncoding = 4; lastKnownFileType = sourcecode.c.objc; path = PhysiquePlugin.m; sourceTree = "<group>"; };
		72EAAACB1BC969CA006C5766 /* PhysiqueOperationMonitor.h */ = {isa = PBXFileReference; fileEncoding = 4; lastKnownFileType = sourcecode.c.h; path = PhysiqueOperationMonitor.h; sourceTree = "<group>"; };
		72EAAACC1BC969CA006C5766 /* PhysiqueOperationMonitor.m */ = {isa = PBXFileReference; fileEncoding = 4; lastKnownFileType = sourcecode.c.objc; path = PhysiqueOperationMonitor.m; sourceTree = "<group>"; };
		72EAAAD11BC96F5A006C5766 /* PhysiqueBuildSpeedTracker.h */ = {isa = PBXFileReference; fileEncoding = 4; lastKnownFileType = sourcecode.c.h; path = PhysiqueBuildSpeedTracker.h; sourceTree = "<group>"; };
		72EAAAD21BC96F5A006C5766 /* PhysiqueBuildSpeedTracker.m */ = {isa = PBXFileReference; fileEncoding = 4; lastKnownFileType = sourcecode.c.objc; path = PhysiqueBuildSpeedTracker.m; sourceTree = "<group>"; };
/* End PBXFileReference section */

/* Begin PBXFrameworksBuildPhase section */
		7265C9181BC74B720048EE98 /* Frameworks */ = {
			isa = PBXFrameworksBuildPhase;
			buildActionMask = 2147483647;
			files = (
				722F3BB41BC752D500B970A1 /* Foundation.framework in Frameworks */,
				722F3BB21BC752C400B970A1 /* AppKit.framework in Frameworks */,
			);
			runOnlyForDeploymentPostprocessing = 0;
		};
/* End PBXFrameworksBuildPhase section */

/* Begin PBXGroup section */
		722F3BB51BC752DC00B970A1 /* Frameworks */ = {
			isa = PBXGroup;
			children = (
				722F3BB31BC752D500B970A1 /* Foundation.framework */,
				722F3BB11BC752C400B970A1 /* AppKit.framework */,
			);
			name = Frameworks;
			sourceTree = "<group>";
		};
		722F3BB61BC753DE00B970A1 /* Plugin Entry Point */ = {
			isa = PBXGroup;
			children = (
				7265C9241BC74CB90048EE98 /* PhysiquePlugin.h */,
				7265C9251BC74CB90048EE98 /* PhysiquePlugin.m */,
				72EAAACB1BC969CA006C5766 /* PhysiqueOperationMonitor.h */,
				72EAAACC1BC969CA006C5766 /* PhysiqueOperationMonitor.m */,
			);
			name = "Plugin Entry Point";
			sourceTree = "<group>";
		};
		722F3BB71BC753EF00B970A1 /* System Information */ = {
			isa = PBXGroup;
			children = (
				722F3BB81BC7540C00B970A1 /* PhysiqueSystemInformation.h */,
				722F3BB91BC7540C00B970A1 /* PhysiqueSystemInformation.m */,
			);
			name = "System Information";
			sourceTree = "<group>";
		};
		7244F42B1BCB0830001A1181 /* Models */ = {
			isa = PBXGroup;
			children = (
				7244F4281BCB082D001A1181 /* PhysiqueIDEBuildOperation.h */,
				7244F4291BCB082D001A1181 /* PhysiqueIDEBuildOperation.m */,
			);
			name = Models;
			sourceTree = "<group>";
		};
		7265C9121BC74B720048EE98 = {
			isa = PBXGroup;
			children = (
				7265C91D1BC74B720048EE98 /* Physique */,
				722F3BB51BC752DC00B970A1 /* Frameworks */,
				7265C91C1BC74B720048EE98 /* Products */,
			);
			sourceTree = "<group>";
		};
		7265C91C1BC74B720048EE98 /* Products */ = {
			isa = PBXGroup;
			children = (
				7265C91B1BC74B720048EE98 /* Physique.xcplugin */,
			);
			name = Products;
			sourceTree = "<group>";
		};
		7265C91D1BC74B720048EE98 /* Physique */ = {
			isa = PBXGroup;
			children = (
				7244F42B1BCB0830001A1181 /* Models */,
				722F3BB61BC753DE00B970A1 /* Plugin Entry Point */,
				72EAAACF1BC96F03006C5766 /* Trackers */,
				722F3BB71BC753EF00B970A1 /* System Information */,
				7265C91E1BC74B720048EE98 /* Info.plist */,
			);
			path = Physique;
			sourceTree = "<group>";
		};
		72EAAACF1BC96F03006C5766 /* Trackers */ = {
			isa = PBXGroup;
			children = (
				72EAAAD11BC96F5A006C5766 /* PhysiqueBuildSpeedTracker.h */,
				72EAAAD21BC96F5A006C5766 /* PhysiqueBuildSpeedTracker.m */,
			);
			name = Trackers;
			sourceTree = "<group>";
		};
/* End PBXGroup section */

/* Begin PBXNativeTarget section */
		7265C91A1BC74B720048EE98 /* Physique */ = {
			isa = PBXNativeTarget;
			buildConfigurationList = 7265C9211BC74B720048EE98 /* Build configuration list for PBXNativeTarget "Physique" */;
			buildPhases = (
				7265C9171BC74B720048EE98 /* Sources */,
				7265C9181BC74B720048EE98 /* Frameworks */,
				7265C9191BC74B720048EE98 /* Resources */,
			);
			buildRules = (
			);
			dependencies = (
			);
			name = Physique;
			productName = Physique;
			productReference = 7265C91B1BC74B720048EE98 /* Physique.xcplugin */;
			productType = "com.apple.product-type.bundle";
		};
/* End PBXNativeTarget section */

/* Begin PBXProject section */
		7265C9131BC74B720048EE98 /* Project object */ = {
			isa = PBXProject;
			attributes = {
				LastUpgradeCheck = 0700;
				ORGANIZATIONNAME = "Brian Michel";
				TargetAttributes = {
					7265C91A1BC74B720048EE98 = {
						CreatedOnToolsVersion = 7.0;
					};
				};
			};
			buildConfigurationList = 7265C9161BC74B720048EE98 /* Build configuration list for PBXProject "Physique" */;
			compatibilityVersion = "Xcode 3.2";
			developmentRegion = English;
			hasScannedForEncodings = 0;
			knownRegions = (
				en,
			);
			mainGroup = 7265C9121BC74B720048EE98;
			productRefGroup = 7265C91C1BC74B720048EE98 /* Products */;
			projectDirPath = "";
			projectRoot = "";
			targets = (
				7265C91A1BC74B720048EE98 /* Physique */,
			);
		};
/* End PBXProject section */

/* Begin PBXResourcesBuildPhase section */
		7265C9191BC74B720048EE98 /* Resources */ = {
			isa = PBXResourcesBuildPhase;
			buildActionMask = 2147483647;
			files = (
			);
			runOnlyForDeploymentPostprocessing = 0;
		};
/* End PBXResourcesBuildPhase section */

/* Begin PBXSourcesBuildPhase section */
		7265C9171BC74B720048EE98 /* Sources */ = {
			isa = PBXSourcesBuildPhase;
			buildActionMask = 2147483647;
			files = (
				72EAAACD1BC969CA006C5766 /* PhysiqueOperationMonitor.m in Sources */,
				7265C9261BC74CB90048EE98 /* PhysiquePlugin.m in Sources */,
				7244F42A1BCB082D001A1181 /* PhysiqueIDEBuildOperation.m in Sources */,
				722F3BBA1BC7540C00B970A1 /* PhysiqueSystemInformation.m in Sources */,
				72EAAAD31BC96F5A006C5766 /* PhysiqueBuildSpeedTracker.m in Sources */,
			);
			runOnlyForDeploymentPostprocessing = 0;
		};
/* End PBXSourcesBuildPhase section */

/* Begin XCBuildConfiguration section */
		7265C91F1BC74B720048EE98 /* Debug */ = {
			isa = XCBuildConfiguration;
			buildSettings = {
				ALWAYS_SEARCH_USER_PATHS = NO;
				CLANG_CXX_LANGUAGE_STANDARD = "gnu++0x";
				CLANG_CXX_LIBRARY = "libc++";
				CLANG_ENABLE_MODULES = YES;
				CLANG_ENABLE_OBJC_ARC = YES;
				CLANG_WARN_BOOL_CONVERSION = YES;
				CLANG_WARN_CONSTANT_CONVERSION = YES;
				CLANG_WARN_DIRECT_OBJC_ISA_USAGE = YES_ERROR;
				CLANG_WARN_EMPTY_BODY = YES;
				CLANG_WARN_ENUM_CONVERSION = YES;
				CLANG_WARN_INT_CONVERSION = YES;
				CLANG_WARN_OBJC_ROOT_CLASS = YES_ERROR;
				CLANG_WARN_UNREACHABLE_CODE = YES;
				CLANG_WARN__DUPLICATE_METHOD_MATCH = YES;
				COPY_PHASE_STRIP = NO;
				DEBUG_INFORMATION_FORMAT = dwarf;
				ENABLE_STRICT_OBJC_MSGSEND = YES;
				ENABLE_TESTABILITY = YES;
				GCC_C_LANGUAGE_STANDARD = gnu99;
				GCC_DYNAMIC_NO_PIC = NO;
				GCC_NO_COMMON_BLOCKS = YES;
				GCC_OPTIMIZATION_LEVEL = 0;
				GCC_PREPROCESSOR_DEFINITIONS = (
					"DEBUG=1",
					"$(inherited)",
				);
				GCC_WARN_64_TO_32_BIT_CONVERSION = YES;
				GCC_WARN_ABOUT_RETURN_TYPE = YES_ERROR;
				GCC_WARN_UNDECLARED_SELECTOR = YES;
				GCC_WARN_UNINITIALIZED_AUTOS = YES_AGGRESSIVE;
				GCC_WARN_UNUSED_FUNCTION = YES;
				GCC_WARN_UNUSED_VARIABLE = YES;
				MACOSX_DEPLOYMENT_TARGET = 10.11;
				MTL_ENABLE_DEBUG_INFO = YES;
				ONLY_ACTIVE_ARCH = YES;
				SDKROOT = macosx;
			};
			name = Debug;
		};
		7265C9201BC74B720048EE98 /* Release */ = {
			isa = XCBuildConfiguration;
			buildSettings = {
				ALWAYS_SEARCH_USER_PATHS = NO;
				CLANG_CXX_LANGUAGE_STANDARD = "gnu++0x";
				CLANG_CXX_LIBRARY = "libc++";
				CLANG_ENABLE_MODULES = YES;
				CLANG_ENABLE_OBJC_ARC = YES;
				CLANG_WARN_BOOL_CONVERSION = YES;
				CLANG_WARN_CONSTANT_CONVERSION = YES;
				CLANG_WARN_DIRECT_OBJC_ISA_USAGE = YES_ERROR;
				CLANG_WARN_EMPTY_BODY = YES;
				CLANG_WARN_ENUM_CONVERSION = YES;
				CLANG_WARN_INT_CONVERSION = YES;
				CLANG_WARN_OBJC_ROOT_CLASS = YES_ERROR;
				CLANG_WARN_UNREACHABLE_CODE = YES;
				CLANG_WARN__DUPLICATE_METHOD_MATCH = YES;
				COPY_PHASE_STRIP = NO;
				DEBUG_INFORMATION_FORMAT = "dwarf-with-dsym";
				ENABLE_NS_ASSERTIONS = NO;
				ENABLE_STRICT_OBJC_MSGSEND = YES;
				GCC_C_LANGUAGE_STANDARD = gnu99;
				GCC_NO_COMMON_BLOCKS = YES;
				GCC_WARN_64_TO_32_BIT_CONVERSION = YES;
				GCC_WARN_ABOUT_RETURN_TYPE = YES_ERROR;
				GCC_WARN_UNDECLARED_SELECTOR = YES;
				GCC_WARN_UNINITIALIZED_AUTOS = YES_AGGRESSIVE;
				GCC_WARN_UNUSED_FUNCTION = YES;
				GCC_WARN_UNUSED_VARIABLE = YES;
				MACOSX_DEPLOYMENT_TARGET = 10.11;
				MTL_ENABLE_DEBUG_INFO = NO;
				SDKROOT = macosx;
			};
			name = Release;
		};
		7265C9221BC74B720048EE98 /* Debug */ = {
			isa = XCBuildConfiguration;
			buildSettings = {
				COMBINE_HIDPI_IMAGES = YES;
				DEPLOYMENT_LOCATION = YES;
				DSTROOT = "$(HOME)";
				INFOPLIST_FILE = Physique/Info.plist;
				INSTALL_PATH = "$(LOCAL_LIBRARY_DIR)/Application Support/Developer/Shared/Xcode/Plug-ins";
				PRODUCT_BUNDLE_IDENTIFIER = com.bsm.xcode.Physique;
				PRODUCT_NAME = "$(TARGET_NAME)";
				WRAPPER_EXTENSION = xcplugin;
			};
			name = Debug;
		};
		7265C9231BC74B720048EE98 /* Release */ = {
			isa = XCBuildConfiguration;
			buildSettings = {
				COMBINE_HIDPI_IMAGES = YES;
				DEPLOYMENT_LOCATION = YES;
				DSTROOT = "$(HOME)";
				INFOPLIST_FILE = Physique/Info.plist;
				INSTALL_PATH = "$(LOCAL_LIBRARY_DIR)/Application Support/Developer/Shared/Xcode/Plug-ins";
				PRODUCT_BUNDLE_IDENTIFIER = com.bsm.xcode.Physique;
				PRODUCT_NAME = "$(TARGET_NAME)";
				WRAPPER_EXTENSION = xcplugin;
			};
			name = Release;
		};
/* End XCBuildConfiguration section */

/* Begin XCConfigurationList section */
		7265C9161BC74B720048EE98 /* Build configuration list for PBXProject "Physique" */ = {
			isa = XCConfigurationList;
			buildConfigurations = (
				7265C91F1BC74B720048EE98 /* Debug */,
				7265C9201BC74B720048EE98 /* Release */,
			);
			defaultConfigurationIsVisible = 0;
			defaultConfigurationName = Release;
		};
		7265C9211BC74B720048EE98 /* Build configuration list for PBXNativeTarget "Physique" */ = {
			isa = XCConfigurationList;
			buildConfigurations = (
				7265C9221BC74B720048EE98 /* Debug */,
				7265C9231BC74B720048EE98 /* Release */,
			);
			defaultConfigurationIsVisible = 0;
			defaultConfigurationName = Release;
		};
/* End XCConfigurationList section */
	};
	rootObject = 7265C9131BC74B720048EE98 /* Project object */;
}
